
Microsoft Visual Studio Solution File, Format Version 12.00
# Visual Studio 14
VisualStudioVersion = 14.0.23107.0
MinimumVisualStudioVersion = 10.0.40219.1
Project("{F2A71F9B-5D33-465A-A702-920D77279786}") = "AutoPlaylister", "src\AutoPlaylister.fsproj", "{AFA0B0AF-25D6-4107-B90E-03FE8B9575DC}"
	ProjectSection(ProjectDependencies) = postProject
		{A368CB75-75F0-4489-904D-B5CEBB0FE624} = {A368CB75-75F0-4489-904D-B5CEBB0FE624}
		{A45308DB-8C00-4D8D-B94C-C657028CAE48} = {A45308DB-8C00-4D8D-B94C-C657028CAE48}
	EndProjectSection
EndProject
Project("{F2A71F9B-5D33-465A-A702-920D77279786}") = "FSpotify", "lib\fspotify\src\FSpotify.fsproj", "{A45308DB-8C00-4D8D-B94C-C657028CAE48}"
EndProject
Project("{FAE04EC0-301F-11D3-BF4B-00C04F79EFBC}") = "RedditSharp", "lib\RedditSharp\RedditSharp\RedditSharp.csproj", "{A368CB75-75F0-4489-904D-B5CEBB0FE624}"
EndProject
Global
	GlobalSection(SolutionConfigurationPlatforms) = preSolution
		Debug|Any CPU = Debug|Any CPU
		Release|Any CPU = Release|Any CPU
	EndGlobalSection
	GlobalSection(ProjectConfigurationPlatforms) = postSolution
		{AFA0B0AF-25D6-4107-B90E-03FE8B9575DC}.Debug|Any CPU.ActiveCfg = Debug|Any CPU
		{AFA0B0AF-25D6-4107-B90E-03FE8B9575DC}.Debug|Any CPU.Build.0 = Debug|Any CPU
		{AFA0B0AF-25D6-4107-B90E-03FE8B9575DC}.Release|Any CPU.ActiveCfg = Release|Any CPU
		{AFA0B0AF-25D6-4107-B90E-03FE8B9575DC}.Release|Any CPU.Build.0 = Release|Any CPU
		{A45308DB-8C00-4D8D-B94C-C657028CAE48}.Debug|Any CPU.ActiveCfg = Debug|Any CPU
		{A45308DB-8C00-4D8D-B94C-C657028CAE48}.Debug|Any CPU.Build.0 = Debug|Any CPU
		{A45308DB-8C00-4D8D-B94C-C657028CAE48}.Release|Any CPU.ActiveCfg = Release|Any CPU
		{A45308DB-8C00-4D8D-B94C-C657028CAE48}.Release|Any CPU.Build.0 = Release|Any CPU
		{A368CB75-75F0-4489-904D-B5CEBB0FE624}.Debug|Any CPU.ActiveCfg = Debug|Any CPU
		{A368CB75-75F0-4489-904D-B5CEBB0FE624}.Debug|Any CPU.Build.0 = Debug|Any CPU
		{A368CB75-75F0-4489-904D-B5CEBB0FE624}.Release|Any CPU.ActiveCfg = Release|Any CPU
		{A368CB75-75F0-4489-904D-B5CEBB0FE624}.Release|Any CPU.Build.0 = Release|Any CPU
	EndGlobalSection
	GlobalSection(SolutionProperties) = preSolution
		HideSolutionNode = FALSE
	EndGlobalSection
EndGlobal
